
Microsoft Visual Studio Solution File, Format Version 12.00
# Visual Studio Version 16
VisualStudioVersion = 16.0.31515.178
MinimumVisualStudioVersion = 10.0.40219.1
Project("{2150E333-8FDC-42A3-9474-1A3956D46DE8}") = "01. Core", "01. Core", "{EABE1438-8975-489D-81F9-90FF2C068D21}"
EndProject
Project("{9A19103F-16F7-4668-BE54-9A1E7A4F7556}") = "Backrole.Core.Abstractions", "src\Backrole.Core.Abstractions\Backrole.Core.Abstractions.csproj", "{0BE59915-9CA5-44B7-9480-FAF5EBE6C8D5}"
EndProject
Project("{9A19103F-16F7-4668-BE54-9A1E7A4F7556}") = "Backrole.Core", "src\Backrole.Core\Backrole.Core.csproj", "{783AD7B2-C1DB-4709-BA28-F7C813D39006}"
EndProject
Project("{2150E333-8FDC-42A3-9474-1A3956D46DE8}") = "99. Tests", "99. Tests", "{0898EFFC-B3D7-4C4A-9F5D-493748FB0F61}"
EndProject
Project("{9A19103F-16F7-4668-BE54-9A1E7A4F7556}") = "Backrole.Core.TestApp", "tests\Backrole.Core.TestApp\Backrole.Core.TestApp.csproj", "{75A91319-6ACD-44F5-87D2-4640205A2FF1}"
EndProject
Project("{2150E333-8FDC-42A3-9474-1A3956D46DE8}") = "00. Misc", "00. Misc", "{F4D4A460-E990-4C64-A556-CAAE451DA153}"
	ProjectSection(SolutionItems) = preProject
		.gitignore = .gitignore
		publish.bat = publish.bat
	EndProjectSection
EndProject
Global
	GlobalSection(SolutionConfigurationPlatforms) = preSolution
		Debug|Any CPU = Debug|Any CPU
		Release|Any CPU = Release|Any CPU
	EndGlobalSection
	GlobalSection(ProjectConfigurationPlatforms) = postSolution
		{0BE59915-9CA5-44B7-9480-FAF5EBE6C8D5}.Debug|Any CPU.ActiveCfg = Debug|Any CPU
		{0BE59915-9CA5-44B7-9480-FAF5EBE6C8D5}.Debug|Any CPU.Build.0 = Debug|Any CPU
		{0BE59915-9CA5-44B7-9480-FAF5EBE6C8D5}.Release|Any CPU.ActiveCfg = Release|Any CPU
		{0BE59915-9CA5-44B7-9480-FAF5EBE6C8D5}.Release|Any CPU.Build.0 = Release|Any CPU
		{783AD7B2-C1DB-4709-BA28-F7C813D39006}.Debug|Any CPU.ActiveCfg = Debug|Any CPU
		{783AD7B2-C1DB-4709-BA28-F7C813D39006}.Debug|Any CPU.Build.0 = Debug|Any CPU
		{783AD7B2-C1DB-4709-BA28-F7C813D39006}.Release|Any CPU.ActiveCfg = Release|Any CPU
		{783AD7B2-C1DB-4709-BA28-F7C813D39006}.Release|Any CPU.Build.0 = Release|Any CPU
		{75A91319-6ACD-44F5-87D2-4640205A2FF1}.Debug|Any CPU.ActiveCfg = Debug|Any CPU
		{75A91319-6ACD-44F5-87D2-4640205A2FF1}.Debug|Any CPU.Build.0 = Debug|Any CPU
		{75A91319-6ACD-44F5-87D2-4640205A2FF1}.Release|Any CPU.ActiveCfg = Release|Any CPU
		{75A91319-6ACD-44F5-87D2-4640205A2FF1}.Release|Any CPU.Build.0 = Release|Any CPU
	EndGlobalSection
	GlobalSection(SolutionProperties) = preSolution
		HideSolutionNode = FALSE
	EndGlobalSection
	GlobalSection(NestedProjects) = preSolution
		{0BE59915-9CA5-44B7-9480-FAF5EBE6C8D5} = {EABE1438-8975-489D-81F9-90FF2C068D21}
		{783AD7B2-C1DB-4709-BA28-F7C813D39006} = {EABE1438-8975-489D-81F9-90FF2C068D21}
		{75A91319-6ACD-44F5-87D2-4640205A2FF1} = {0898EFFC-B3D7-4C4A-9F5D-493748FB0F61}
	EndGlobalSection
	GlobalSection(ExtensibilityGlobals) = postSolution
		SolutionGuid = {72063326-298A-4CDB-9A02-E0398BB5D122}
	EndGlobalSection
EndGlobal
